
Microsoft Visual Studio Solution File, Format Version 12.00
# Visual Studio Version 16
VisualStudioVersion = 16.0.32228.343
MinimumVisualStudioVersion = 10.0.40219.1
Project("{FAE04EC0-301F-11D3-BF4B-00C04F79EFBC}") = "ryle", "ryle\ryle.csproj", "{94F62391-29E8-4C4A-87A6-B750C311F818}"
EndProject
Global
	GlobalSection(SolutionConfigurationPlatforms) = preSolution
		Debug|Any CPU = Debug|Any CPU
		Release|Any CPU = Release|Any CPU
	EndGlobalSection
	GlobalSection(ProjectConfigurationPlatforms) = postSolution
		{94F62391-29E8-4C4A-87A6-B750C311F818}.Debug|Any CPU.ActiveCfg = Debug|Any CPU
		{94F62391-29E8-4C4A-87A6-B750C311F818}.Debug|Any CPU.Build.0 = Debug|Any CPU
		{94F62391-29E8-4C4A-87A6-B750C311F818}.Release|Any CPU.ActiveCfg = Release|Any CPU
		{94F62391-29E8-4C4A-87A6-B750C311F818}.Release|Any CPU.Build.0 = Release|Any CPU
	EndGlobalSection
	GlobalSection(SolutionProperties) = preSolution
		HideSolutionNode = FALSE
	EndGlobalSection
	GlobalSection(ExtensibilityGlobals) = postSolution
		SolutionGuid = {73D19A9B-6D2C-4A5B-B326-54AF1C1A9CF6}
	EndGlobalSection
EndGlobal
